
Microsoft Visual Studio Solution File, Format Version 12.00
# Visual Studio Version 16
VisualStudioVersion = 16.0.30320.27
MinimumVisualStudioVersion = 10.0.40219.1
Project("{9A19103F-16F7-4668-BE54-9A1E7A4F7556}") = "SpecificationsLearn", "SpecificationsLearn\SpecificationsLearn.csproj", "{2F7DD4CF-93D5-4086-A996-DFC70BC2A062}"
EndProject
Project("{FAE04EC0-301F-11D3-BF4B-00C04F79EFBC}") = "SpecificationsLearn.Tests", "SpecificationsLearn.Tests\SpecificationsLearn.Tests.csproj", "{65214581-6187-4CC0-9561-CED96D727580}"
EndProject
Global
	GlobalSection(SolutionConfigurationPlatforms) = preSolution
		Debug|Any CPU = Debug|Any CPU
		Release|Any CPU = Release|Any CPU
	EndGlobalSection
	GlobalSection(ProjectConfigurationPlatforms) = postSolution
		{2F7DD4CF-93D5-4086-A996-DFC70BC2A062}.Debug|Any CPU.ActiveCfg = Debug|Any CPU
		{2F7DD4CF-93D5-4086-A996-DFC70BC2A062}.Debug|Any CPU.Build.0 = Debug|Any CPU
		{2F7DD4CF-93D5-4086-A996-DFC70BC2A062}.Release|Any CPU.ActiveCfg = Release|Any CPU
		{2F7DD4CF-93D5-4086-A996-DFC70BC2A062}.Release|Any CPU.Build.0 = Release|Any CPU
		{65214581-6187-4CC0-9561-CED96D727580}.Debug|Any CPU.ActiveCfg = Debug|Any CPU
		{65214581-6187-4CC0-9561-CED96D727580}.Debug|Any CPU.Build.0 = Debug|Any CPU
		{65214581-6187-4CC0-9561-CED96D727580}.Release|Any CPU.ActiveCfg = Release|Any CPU
		{65214581-6187-4CC0-9561-CED96D727580}.Release|Any CPU.Build.0 = Release|Any CPU
	EndGlobalSection
	GlobalSection(SolutionProperties) = preSolution
		HideSolutionNode = FALSE
	EndGlobalSection
	GlobalSection(ExtensibilityGlobals) = postSolution
		SolutionGuid = {2AE14B75-78AF-41C8-9D19-07B9E823437F}
	EndGlobalSection
EndGlobal
